
Microsoft Visual Studio Solution File, Format Version 12.00
# Visual Studio 14
VisualStudioVersion = 14.0.25420.1
MinimumVisualStudioVersion = 10.0.40219.1
Project("{FAE04EC0-301F-11D3-BF4B-00C04F79EFBC}") = "MyFirstApp", "MyFirstApp\MyFirstApp\MyFirstApp.csproj", "{5AE129B0-C9B3-4154-B13F-265494201F5A}"
EndProject
Project("{FAE04EC0-301F-11D3-BF4B-00C04F79EFBC}") = "MyFirstApp.Droid", "MyFirstApp\MyFirstApp.Droid\MyFirstApp.Droid.csproj", "{DACAB18C-2E0F-4F79-8739-745B73FAD965}"
EndProject
Project("{FAE04EC0-301F-11D3-BF4B-00C04F79EFBC}") = "MyFirstApp.iOS", "MyFirstApp\MyFirstApp.iOS\MyFirstApp.iOS.csproj", "{1F0EC24C-0B38-47C4-8DF1-DDA7644C4944}"
EndProject
Project("{FAE04EC0-301F-11D3-BF4B-00C04F79EFBC}") = "MyFirstApp.UWP", "MyFirstApp\MyFirstApp.UWP\MyFirstApp.UWP.csproj", "{D3563C72-D799-4069-8D18-917673DA5D3A}"
EndProject
Global
	GlobalSection(SolutionConfigurationPlatforms) = preSolution
		Ad-Hoc|Any CPU = Ad-Hoc|Any CPU
		Ad-Hoc|ARM = Ad-Hoc|ARM
		Ad-Hoc|iPhone = Ad-Hoc|iPhone
		Ad-Hoc|iPhoneSimulator = Ad-Hoc|iPhoneSimulator
		Ad-Hoc|x64 = Ad-Hoc|x64
		Ad-Hoc|x86 = Ad-Hoc|x86
		AppStore|Any CPU = AppStore|Any CPU
		AppStore|ARM = AppStore|ARM
		AppStore|iPhone = AppStore|iPhone
		AppStore|iPhoneSimulator = AppStore|iPhoneSimulator
		AppStore|x64 = AppStore|x64
		AppStore|x86 = AppStore|x86
		Debug|Any CPU = Debug|Any CPU
		Debug|ARM = Debug|ARM
		Debug|iPhone = Debug|iPhone
		Debug|iPhoneSimulator = Debug|iPhoneSimulator
		Debug|x64 = Debug|x64
		Debug|x86 = Debug|x86
		Release|Any CPU = Release|Any CPU
		Release|ARM = Release|ARM
		Release|iPhone = Release|iPhone
		Release|iPhoneSimulator = Release|iPhoneSimulator
		Release|x64 = Release|x64
		Release|x86 = Release|x86
	EndGlobalSection
	GlobalSection(ProjectConfigurationPlatforms) = postSolution
		{5AE129B0-C9B3-4154-B13F-265494201F5A}.Ad-Hoc|Any CPU.ActiveCfg = Release|Any CPU
		{5AE129B0-C9B3-4154-B13F-265494201F5A}.Ad-Hoc|Any CPU.Build.0 = Release|Any CPU
		{5AE129B0-C9B3-4154-B13F-265494201F5A}.Ad-Hoc|ARM.ActiveCfg = Release|Any CPU
		{5AE129B0-C9B3-4154-B13F-265494201F5A}.Ad-Hoc|ARM.Build.0 = Release|Any CPU
		{5AE129B0-C9B3-4154-B13F-265494201F5A}.Ad-Hoc|iPhone.ActiveCfg = Release|Any CPU
		{5AE129B0-C9B3-4154-B13F-265494201F5A}.Ad-Hoc|iPhone.Build.0 = Release|Any CPU
		{5AE129B0-C9B3-4154-B13F-265494201F5A}.Ad-Hoc|iPhoneSimulator.ActiveCfg = Release|Any CPU
		{5AE129B0-C9B3-4154-B13F-265494201F5A}.Ad-Hoc|iPhoneSimulator.Build.0 = Release|Any CPU
		{5AE129B0-C9B3-4154-B13F-265494201F5A}.Ad-Hoc|x64.ActiveCfg = Release|Any CPU
		{5AE129B0-C9B3-4154-B13F-265494201F5A}.Ad-Hoc|x64.Build.0 = Release|Any CPU
		{5AE129B0-C9B3-4154-B13F-265494201F5A}.Ad-Hoc|x86.ActiveCfg = Release|Any CPU
		{5AE129B0-C9B3-4154-B13F-265494201F5A}.Ad-Hoc|x86.Build.0 = Release|Any CPU
		{5AE129B0-C9B3-4154-B13F-265494201F5A}.AppStore|Any CPU.ActiveCfg = Release|Any CPU
		{5AE129B0-C9B3-4154-B13F-265494201F5A}.AppStore|Any CPU.Build.0 = Release|Any CPU
		{5AE129B0-C9B3-4154-B13F-265494201F5A}.AppStore|ARM.ActiveCfg = Release|Any CPU
		{5AE129B0-C9B3-4154-B13F-265494201F5A}.AppStore|ARM.Build.0 = Release|Any CPU
		{5AE129B0-C9B3-4154-B13F-265494201F5A}.AppStore|iPhone.ActiveCfg = Release|Any CPU
		{5AE129B0-C9B3-4154-B13F-265494201F5A}.AppStore|iPhone.Build.0 = Release|Any CPU
		{5AE129B0-C9B3-4154-B13F-265494201F5A}.AppStore|iPhoneSimulator.ActiveCfg = Release|Any CPU
		{5AE129B0-C9B3-4154-B13F-265494201F5A}.AppStore|iPhoneSimulator.Build.0 = Release|Any CPU
		{5AE129B0-C9B3-4154-B13F-265494201F5A}.AppStore|x64.ActiveCfg = Release|Any CPU
		{5AE129B0-C9B3-4154-B13F-265494201F5A}.AppStore|x64.Build.0 = Release|Any CPU
		{5AE129B0-C9B3-4154-B13F-265494201F5A}.AppStore|x86.ActiveCfg = Release|Any CPU
		{5AE129B0-C9B3-4154-B13F-265494201F5A}.AppStore|x86.Build.0 = Release|Any CPU
		{5AE129B0-C9B3-4154-B13F-265494201F5A}.Debug|Any CPU.ActiveCfg = Debug|Any CPU
		{5AE129B0-C9B3-4154-B13F-265494201F5A}.Debug|Any CPU.Build.0 = Debug|Any CPU
		{5AE129B0-C9B3-4154-B13F-265494201F5A}.Debug|ARM.ActiveCfg = Debug|Any CPU
		{5AE129B0-C9B3-4154-B13F-265494201F5A}.Debug|ARM.Build.0 = Debug|Any CPU
		{5AE129B0-C9B3-4154-B13F-265494201F5A}.Debug|iPhone.ActiveCfg = Debug|Any CPU
		{5AE129B0-C9B3-4154-B13F-265494201F5A}.Debug|iPhone.Build.0 = Debug|Any CPU
		{5AE129B0-C9B3-4154-B13F-265494201F5A}.Debug|iPhoneSimulator.ActiveCfg = Debug|Any CPU
		{5AE129B0-C9B3-4154-B13F-265494201F5A}.Debug|iPhoneSimulator.Build.0 = Debug|Any CPU
		{5AE129B0-C9B3-4154-B13F-265494201F5A}.Debug|x64.ActiveCfg = Debug|Any CPU
		{5AE129B0-C9B3-4154-B13F-265494201F5A}.Debug|x64.Build.0 = Debug|Any CPU
		{5AE129B0-C9B3-4154-B13F-265494201F5A}.Debug|x86.ActiveCfg = Debug|Any CPU
		{5AE129B0-C9B3-4154-B13F-265494201F5A}.Debug|x86.Build.0 = Debug|Any CPU
		{5AE129B0-C9B3-4154-B13F-265494201F5A}.Release|Any CPU.ActiveCfg = Release|Any CPU
		{5AE129B0-C9B3-4154-B13F-265494201F5A}.Release|Any CPU.Build.0 = Release|Any CPU
		{5AE129B0-C9B3-4154-B13F-265494201F5A}.Release|ARM.ActiveCfg = Release|Any CPU
		{5AE129B0-C9B3-4154-B13F-265494201F5A}.Release|ARM.Build.0 = Release|Any CPU
		{5AE129B0-C9B3-4154-B13F-265494201F5A}.Release|iPhone.ActiveCfg = Release|Any CPU
		{5AE129B0-C9B3-4154-B13F-265494201F5A}.Release|iPhone.Build.0 = Release|Any CPU
		{5AE129B0-C9B3-4154-B13F-265494201F5A}.Release|iPhoneSimulator.ActiveCfg = Release|Any CPU
		{5AE129B0-C9B3-4154-B13F-265494201F5A}.Release|iPhoneSimulator.Build.0 = Release|Any CPU
		{5AE129B0-C9B3-4154-B13F-265494201F5A}.Release|x64.ActiveCfg = Release|Any CPU
		{5AE129B0-C9B3-4154-B13F-265494201F5A}.Release|x64.Build.0 = Release|Any CPU
		{5AE129B0-C9B3-4154-B13F-265494201F5A}.Release|x86.ActiveCfg = Release|Any CPU
		{5AE129B0-C9B3-4154-B13F-265494201F5A}.Release|x86.Build.0 = Release|Any CPU
		{DACAB18C-2E0F-4F79-8739-745B73FAD965}.Ad-Hoc|Any CPU.ActiveCfg = Release|Any CPU
		{DACAB18C-2E0F-4F79-8739-745B73FAD965}.Ad-Hoc|Any CPU.Build.0 = Release|Any CPU
		{DACAB18C-2E0F-4F79-8739-745B73FAD965}.Ad-Hoc|Any CPU.Deploy.0 = Release|Any CPU
		{DACAB18C-2E0F-4F79-8739-745B73FAD965}.Ad-Hoc|ARM.ActiveCfg = Release|Any CPU
		{DACAB18C-2E0F-4F79-8739-745B73FAD965}.Ad-Hoc|ARM.Build.0 = Release|Any CPU
		{DACAB18C-2E0F-4F79-8739-745B73FAD965}.Ad-Hoc|ARM.Deploy.0 = Release|Any CPU
		{DACAB18C-2E0F-4F79-8739-745B73FAD965}.Ad-Hoc|iPhone.ActiveCfg = Release|Any CPU
		{DACAB18C-2E0F-4F79-8739-745B73FAD965}.Ad-Hoc|iPhone.Build.0 = Release|Any CPU
		{DACAB18C-2E0F-4F79-8739-745B73FAD965}.Ad-Hoc|iPhone.Deploy.0 = Release|Any CPU
		{DACAB18C-2E0F-4F79-8739-745B73FAD965}.Ad-Hoc|iPhoneSimulator.ActiveCfg = Release|Any CPU
		{DACAB18C-2E0F-4F79-8739-745B73FAD965}.Ad-Hoc|iPhoneSimulator.Build.0 = Release|Any CPU
		{DACAB18C-2E0F-4F79-8739-745B73FAD965}.Ad-Hoc|iPhoneSimulator.Deploy.0 = Release|Any CPU
		{DACAB18C-2E0F-4F79-8739-745B73FAD965}.Ad-Hoc|x64.ActiveCfg = Release|Any CPU
		{DACAB18C-2E0F-4F79-8739-745B73FAD965}.Ad-Hoc|x64.Build.0 = Release|Any CPU
		{DACAB18C-2E0F-4F79-8739-745B73FAD965}.Ad-Hoc|x64.Deploy.0 = Release|Any CPU
		{DACAB18C-2E0F-4F79-8739-745B73FAD965}.Ad-Hoc|x86.ActiveCfg = Release|Any CPU
		{DACAB18C-2E0F-4F79-8739-745B73FAD965}.Ad-Hoc|x86.Build.0 = Release|Any CPU
		{DACAB18C-2E0F-4F79-8739-745B73FAD965}.Ad-Hoc|x86.Deploy.0 = Release|Any CPU
		{DACAB18C-2E0F-4F79-8739-745B73FAD965}.AppStore|Any CPU.ActiveCfg = Release|Any CPU
		{DACAB18C-2E0F-4F79-8739-745B73FAD965}.AppStore|Any CPU.Build.0 = Release|Any CPU
		{DACAB18C-2E0F-4F79-8739-745B73FAD965}.AppStore|Any CPU.Deploy.0 = Release|Any CPU
		{DACAB18C-2E0F-4F79-8739-745B73FAD965}.AppStore|ARM.ActiveCfg = Release|Any CPU
		{DACAB18C-2E0F-4F79-8739-745B73FAD965}.AppStore|ARM.Build.0 = Release|Any CPU
		{DACAB18C-2E0F-4F79-8739-745B73FAD965}.AppStore|ARM.Deploy.0 = Release|Any CPU
		{DACAB18C-2E0F-4F79-8739-745B73FAD965}.AppStore|iPhone.ActiveCfg = Release|Any CPU
		{DACAB18C-2E0F-4F79-8739-745B73FAD965}.AppStore|iPhone.Build.0 = Release|Any CPU
		{DACAB18C-2E0F-4F79-8739-745B73FAD965}.AppStore|iPhone.Deploy.0 = Release|Any CPU
		{DACAB18C-2E0F-4F79-8739-745B73FAD965}.AppStore|iPhoneSimulator.ActiveCfg = Release|Any CPU
		{DACAB18C-2E0F-4F79-8739-745B73FAD965}.AppStore|iPhoneSimulator.Build.0 = Release|Any CPU
		{DACAB18C-2E0F-4F79-8739-745B73FAD965}.AppStore|iPhoneSimulator.Deploy.0 = Release|Any CPU
		{DACAB18C-2E0F-4F79-8739-745B73FAD965}.AppStore|x64.ActiveCfg = Release|Any CPU
		{DACAB18C-2E0F-4F79-8739-745B73FAD965}.AppStore|x64.Build.0 = Release|Any CPU
		{DACAB18C-2E0F-4F79-8739-745B73FAD965}.AppStore|x64.Deploy.0 = Release|Any CPU
		{DACAB18C-2E0F-4F79-8739-745B73FAD965}.AppStore|x86.ActiveCfg = Release|Any CPU
		{DACAB18C-2E0F-4F79-8739-745B73FAD965}.AppStore|x86.Build.0 = Release|Any CPU
		{DACAB18C-2E0F-4F79-8739-745B73FAD965}.AppStore|x86.Deploy.0 = Release|Any CPU
		{DACAB18C-2E0F-4F79-8739-745B73FAD965}.Debug|Any CPU.ActiveCfg = Debug|Any CPU
		{DACAB18C-2E0F-4F79-8739-745B73FAD965}.Debug|Any CPU.Build.0 = Debug|Any CPU
		{DACAB18C-2E0F-4F79-8739-745B73FAD965}.Debug|Any CPU.Deploy.0 = Debug|Any CPU
		{DACAB18C-2E0F-4F79-8739-745B73FAD965}.Debug|ARM.ActiveCfg = Debug|Any CPU
		{DACAB18C-2E0F-4F79-8739-745B73FAD965}.Debug|ARM.Build.0 = Debug|Any CPU
		{DACAB18C-2E0F-4F79-8739-745B73FAD965}.Debug|ARM.Deploy.0 = Debug|Any CPU
		{DACAB18C-2E0F-4F79-8739-745B73FAD965}.Debug|iPhone.ActiveCfg = Debug|Any CPU
		{DACAB18C-2E0F-4F79-8739-745B73FAD965}.Debug|iPhone.Build.0 = Debug|Any CPU
		{DACAB18C-2E0F-4F79-8739-745B73FAD965}.Debug|iPhone.Deploy.0 = Debug|Any CPU
		{DACAB18C-2E0F-4F79-8739-745B73FAD965}.Debug|iPhoneSimulator.ActiveCfg = Debug|Any CPU
		{DACAB18C-2E0F-4F79-8739-745B73FAD965}.Debug|iPhoneSimulator.Build.0 = Debug|Any CPU
		{DACAB18C-2E0F-4F79-8739-745B73FAD965}.Debug|iPhoneSimulator.Deploy.0 = Debug|Any CPU
		{DACAB18C-2E0F-4F79-8739-745B73FAD965}.Debug|x64.ActiveCfg = Debug|Any CPU
		{DACAB18C-2E0F-4F79-8739-745B73FAD965}.Debug|x64.Build.0 = Debug|Any CPU
		{DACAB18C-2E0F-4F79-8739-745B73FAD965}.Debug|x64.Deploy.0 = Debug|Any CPU
		{DACAB18C-2E0F-4F79-8739-745B73FAD965}.Debug|x86.ActiveCfg = Debug|Any CPU
		{DACAB18C-2E0F-4F79-8739-745B73FAD965}.Debug|x86.Build.0 = Debug|Any CPU
		{DACAB18C-2E0F-4F79-8739-745B73FAD965}.Debug|x86.Deploy.0 = Debug|Any CPU
		{DACAB18C-2E0F-4F79-8739-745B73FAD965}.Release|Any CPU.ActiveCfg = Release|Any CPU
		{DACAB18C-2E0F-4F79-8739-745B73FAD965}.Release|Any CPU.Build.0 = Release|Any CPU
		{DACAB18C-2E0F-4F79-8739-745B73FAD965}.Release|Any CPU.Deploy.0 = Release|Any CPU
		{DACAB18C-2E0F-4F79-8739-745B73FAD965}.Release|ARM.ActiveCfg = Release|Any CPU
		{DACAB18C-2E0F-4F79-8739-745B73FAD965}.Release|ARM.Build.0 = Release|Any CPU
		{DACAB18C-2E0F-4F79-8739-745B73FAD965}.Release|ARM.Deploy.0 = Release|Any CPU
		{DACAB18C-2E0F-4F79-8739-745B73FAD965}.Release|iPhone.ActiveCfg = Release|Any CPU
		{DACAB18C-2E0F-4F79-8739-745B73FAD965}.Release|iPhone.Build.0 = Release|Any CPU
		{DACAB18C-2E0F-4F79-8739-745B73FAD965}.Release|iPhone.Deploy.0 = Release|Any CPU
		{DACAB18C-2E0F-4F79-8739-745B73FAD965}.Release|iPhoneSimulator.ActiveCfg = Release|Any CPU
		{DACAB18C-2E0F-4F79-8739-745B73FAD965}.Release|iPhoneSimulator.Build.0 = Release|Any CPU
		{DACAB18C-2E0F-4F79-8739-745B73FAD965}.Release|iPhoneSimulator.Deploy.0 = Release|Any CPU
		{DACAB18C-2E0F-4F79-8739-745B73FAD965}.Release|x64.ActiveCfg = Release|Any CPU
		{DACAB18C-2E0F-4F79-8739-745B73FAD965}.Release|x64.Build.0 = Release|Any CPU
		{DACAB18C-2E0F-4F79-8739-745B73FAD965}.Release|x64.Deploy.0 = Release|Any CPU
		{DACAB18C-2E0F-4F79-8739-745B73FAD965}.Release|x86.ActiveCfg = Release|Any CPU
		{DACAB18C-2E0F-4F79-8739-745B73FAD965}.Release|x86.Build.0 = Release|Any CPU
		{DACAB18C-2E0F-4F79-8739-745B73FAD965}.Release|x86.Deploy.0 = Release|Any CPU
		{1F0EC24C-0B38-47C4-8DF1-DDA7644C4944}.Ad-Hoc|Any CPU.ActiveCfg = Ad-Hoc|iPhone
		{1F0EC24C-0B38-47C4-8DF1-DDA7644C4944}.Ad-Hoc|ARM.ActiveCfg = Ad-Hoc|iPhone
		{1F0EC24C-0B38-47C4-8DF1-DDA7644C4944}.Ad-Hoc|iPhone.ActiveCfg = Ad-Hoc|iPhone
		{1F0EC24C-0B38-47C4-8DF1-DDA7644C4944}.Ad-Hoc|iPhone.Build.0 = Ad-Hoc|iPhone
		{1F0EC24C-0B38-47C4-8DF1-DDA7644C4944}.Ad-Hoc|iPhoneSimulator.ActiveCfg = Ad-Hoc|iPhoneSimulator
		{1F0EC24C-0B38-47C4-8DF1-DDA7644C4944}.Ad-Hoc|iPhoneSimulator.Build.0 = Ad-Hoc|iPhoneSimulator
		{1F0EC24C-0B38-47C4-8DF1-DDA7644C4944}.Ad-Hoc|x64.ActiveCfg = Ad-Hoc|iPhone
		{1F0EC24C-0B38-47C4-8DF1-DDA7644C4944}.Ad-Hoc|x86.ActiveCfg = Ad-Hoc|iPhone
		{1F0EC24C-0B38-47C4-8DF1-DDA7644C4944}.AppStore|Any CPU.ActiveCfg = AppStore|iPhone
		{1F0EC24C-0B38-47C4-8DF1-DDA7644C4944}.AppStore|ARM.ActiveCfg = AppStore|iPhone
		{1F0EC24C-0B38-47C4-8DF1-DDA7644C4944}.AppStore|iPhone.ActiveCfg = AppStore|iPhone
		{1F0EC24C-0B38-47C4-8DF1-DDA7644C4944}.AppStore|iPhone.Build.0 = AppStore|iPhone
		{1F0EC24C-0B38-47C4-8DF1-DDA7644C4944}.AppStore|iPhoneSimulator.ActiveCfg = AppStore|iPhoneSimulator
		{1F0EC24C-0B38-47C4-8DF1-DDA7644C4944}.AppStore|iPhoneSimulator.Build.0 = AppStore|iPhoneSimulator
		{1F0EC24C-0B38-47C4-8DF1-DDA7644C4944}.AppStore|x64.ActiveCfg = AppStore|iPhone
		{1F0EC24C-0B38-47C4-8DF1-DDA7644C4944}.AppStore|x86.ActiveCfg = AppStore|iPhone
		{1F0EC24C-0B38-47C4-8DF1-DDA7644C4944}.Debug|Any CPU.ActiveCfg = Debug|iPhone
		{1F0EC24C-0B38-47C4-8DF1-DDA7644C4944}.Debug|ARM.ActiveCfg = Debug|iPhone
		{1F0EC24C-0B38-47C4-8DF1-DDA7644C4944}.Debug|iPhone.ActiveCfg = Debug|iPhone
		{1F0EC24C-0B38-47C4-8DF1-DDA7644C4944}.Debug|iPhone.Build.0 = Debug|iPhone
		{1F0EC24C-0B38-47C4-8DF1-DDA7644C4944}.Debug|iPhoneSimulator.ActiveCfg = Debug|iPhoneSimulator
		{1F0EC24C-0B38-47C4-8DF1-DDA7644C4944}.Debug|iPhoneSimulator.Build.0 = Debug|iPhoneSimulator
		{1F0EC24C-0B38-47C4-8DF1-DDA7644C4944}.Debug|x64.ActiveCfg = Debug|iPhone
		{1F0EC24C-0B38-47C4-8DF1-DDA7644C4944}.Debug|x86.ActiveCfg = Debug|iPhone
		{1F0EC24C-0B38-47C4-8DF1-DDA7644C4944}.Release|Any CPU.ActiveCfg = Release|iPhone
		{1F0EC24C-0B38-47C4-8DF1-DDA7644C4944}.Release|ARM.ActiveCfg = Release|iPhone
		{1F0EC24C-0B38-47C4-8DF1-DDA7644C4944}.Release|iPhone.ActiveCfg = Release|iPhone
		{1F0EC24C-0B38-47C4-8DF1-DDA7644C4944}.Release|iPhone.Build.0 = Release|iPhone
		{1F0EC24C-0B38-47C4-8DF1-DDA7644C4944}.Release|iPhoneSimulator.ActiveCfg = Release|iPhoneSimulator
		{1F0EC24C-0B38-47C4-8DF1-DDA7644C4944}.Release|iPhoneSimulator.Build.0 = Release|iPhoneSimulator
		{1F0EC24C-0B38-47C4-8DF1-DDA7644C4944}.Release|x64.ActiveCfg = Release|iPhone
		{1F0EC24C-0B38-47C4-8DF1-DDA7644C4944}.Release|x86.ActiveCfg = Release|iPhone
		{D3563C72-D799-4069-8D18-917673DA5D3A}.Ad-Hoc|Any CPU.ActiveCfg = Release|x86
		{D3563C72-D799-4069-8D18-917673DA5D3A}.Ad-Hoc|Any CPU.Build.0 = Release|x86
		{D3563C72-D799-4069-8D18-917673DA5D3A}.Ad-Hoc|Any CPU.Deploy.0 = Release|x86
		{D3563C72-D799-4069-8D18-917673DA5D3A}.Ad-Hoc|ARM.ActiveCfg = Release|ARM
		{D3563C72-D799-4069-8D18-917673DA5D3A}.Ad-Hoc|ARM.Build.0 = Release|ARM
		{D3563C72-D799-4069-8D18-917673DA5D3A}.Ad-Hoc|ARM.Deploy.0 = Release|ARM
		{D3563C72-D799-4069-8D18-917673DA5D3A}.Ad-Hoc|iPhone.ActiveCfg = Release|x86
		{D3563C72-D799-4069-8D18-917673DA5D3A}.Ad-Hoc|iPhone.Build.0 = Release|x86
		{D3563C72-D799-4069-8D18-917673DA5D3A}.Ad-Hoc|iPhone.Deploy.0 = Release|x86
		{D3563C72-D799-4069-8D18-917673DA5D3A}.Ad-Hoc|iPhoneSimulator.ActiveCfg = Release|x86
		{D3563C72-D799-4069-8D18-917673DA5D3A}.Ad-Hoc|iPhoneSimulator.Build.0 = Release|x86
		{D3563C72-D799-4069-8D18-917673DA5D3A}.Ad-Hoc|iPhoneSimulator.Deploy.0 = Release|x86
		{D3563C72-D799-4069-8D18-917673DA5D3A}.Ad-Hoc|x64.ActiveCfg = Release|x64
		{D3563C72-D799-4069-8D18-917673DA5D3A}.Ad-Hoc|x64.Build.0 = Release|x64
		{D3563C72-D799-4069-8D18-917673DA5D3A}.Ad-Hoc|x64.Deploy.0 = Release|x64
		{D3563C72-D799-4069-8D18-917673DA5D3A}.Ad-Hoc|x86.ActiveCfg = Release|x86
		{D3563C72-D799-4069-8D18-917673DA5D3A}.Ad-Hoc|x86.Build.0 = Release|x86
		{D3563C72-D799-4069-8D18-917673DA5D3A}.Ad-Hoc|x86.Deploy.0 = Release|x86
		{D3563C72-D799-4069-8D18-917673DA5D3A}.AppStore|Any CPU.ActiveCfg = Release|x86
		{D3563C72-D799-4069-8D18-917673DA5D3A}.AppStore|Any CPU.Build.0 = Release|x86
		{D3563C72-D799-4069-8D18-917673DA5D3A}.AppStore|Any CPU.Deploy.0 = Release|x86
		{D3563C72-D799-4069-8D18-917673DA5D3A}.AppStore|ARM.ActiveCfg = Release|ARM
		{D3563C72-D799-4069-8D18-917673DA5D3A}.AppStore|ARM.Build.0 = Release|ARM
		{D3563C72-D799-4069-8D18-917673DA5D3A}.AppStore|ARM.Deploy.0 = Release|ARM
		{D3563C72-D799-4069-8D18-917673DA5D3A}.AppStore|iPhone.ActiveCfg = Release|x86
		{D3563C72-D799-4069-8D18-917673DA5D3A}.AppStore|iPhone.Build.0 = Release|x86
		{D3563C72-D799-4069-8D18-917673DA5D3A}.AppStore|iPhone.Deploy.0 = Release|x86
		{D3563C72-D799-4069-8D18-917673DA5D3A}.AppStore|iPhoneSimulator.ActiveCfg = Release|x86
		{D3563C72-D799-4069-8D18-917673DA5D3A}.AppStore|iPhoneSimulator.Build.0 = Release|x86
		{D3563C72-D799-4069-8D18-917673DA5D3A}.AppStore|iPhoneSimulator.Deploy.0 = Release|x86
		{D3563C72-D799-4069-8D18-917673DA5D3A}.AppStore|x64.ActiveCfg = Release|x64
		{D3563C72-D799-4069-8D18-917673DA5D3A}.AppStore|x64.Build.0 = Release|x64
		{D3563C72-D799-4069-8D18-917673DA5D3A}.AppStore|x64.Deploy.0 = Release|x64
		{D3563C72-D799-4069-8D18-917673DA5D3A}.AppStore|x86.ActiveCfg = Release|x86
		{D3563C72-D799-4069-8D18-917673DA5D3A}.AppStore|x86.Build.0 = Release|x86
		{D3563C72-D799-4069-8D18-917673DA5D3A}.AppStore|x86.Deploy.0 = Release|x86
		{D3563C72-D799-4069-8D18-917673DA5D3A}.Debug|Any CPU.ActiveCfg = Debug|x86
		{D3563C72-D799-4069-8D18-917673DA5D3A}.Debug|Any CPU.Build.0 = Debug|x86
		{D3563C72-D799-4069-8D18-917673DA5D3A}.Debug|Any CPU.Deploy.0 = Debug|x86
		{D3563C72-D799-4069-8D18-917673DA5D3A}.Debug|ARM.ActiveCfg = Debug|ARM
		{D3563C72-D799-4069-8D18-917673DA5D3A}.Debug|ARM.Build.0 = Debug|ARM
		{D3563C72-D799-4069-8D18-917673DA5D3A}.Debug|ARM.Deploy.0 = Debug|ARM
		{D3563C72-D799-4069-8D18-917673DA5D3A}.Debug|iPhone.ActiveCfg = Debug|x86
		{D3563C72-D799-4069-8D18-917673DA5D3A}.Debug|iPhoneSimulator.ActiveCfg = Debug|x86
		{D3563C72-D799-4069-8D18-917673DA5D3A}.Debug|x64.ActiveCfg = Debug|x64
		{D3563C72-D799-4069-8D18-917673DA5D3A}.Debug|x64.Build.0 = Debug|x64
		{D3563C72-D799-4069-8D18-917673DA5D3A}.Debug|x64.Deploy.0 = Debug|x64
		{D3563C72-D799-4069-8D18-917673DA5D3A}.Debug|x86.ActiveCfg = Debug|x86
		{D3563C72-D799-4069-8D18-917673DA5D3A}.Debug|x86.Build.0 = Debug|x86
		{D3563C72-D799-4069-8D18-917673DA5D3A}.Debug|x86.Deploy.0 = Debug|x86
		{D3563C72-D799-4069-8D18-917673DA5D3A}.Release|Any CPU.ActiveCfg = Release|x86
		{D3563C72-D799-4069-8D18-917673DA5D3A}.Release|ARM.ActiveCfg = Release|ARM
		{D3563C72-D799-4069-8D18-917673DA5D3A}.Release|ARM.Build.0 = Release|ARM
		{D3563C72-D799-4069-8D18-917673DA5D3A}.Release|ARM.Deploy.0 = Release|ARM
		{D3563C72-D799-4069-8D18-917673DA5D3A}.Release|iPhone.ActiveCfg = Release|x86
		{D3563C72-D799-4069-8D18-917673DA5D3A}.Release|iPhoneSimulator.ActiveCfg = Release|x86
		{D3563C72-D799-4069-8D18-917673DA5D3A}.Release|x64.ActiveCfg = Release|x64
		{D3563C72-D799-4069-8D18-917673DA5D3A}.Release|x64.Build.0 = Release|x64
		{D3563C72-D799-4069-8D18-917673DA5D3A}.Release|x64.Deploy.0 = Release|x64
		{D3563C72-D799-4069-8D18-917673DA5D3A}.Release|x86.ActiveCfg = Release|x86
		{D3563C72-D799-4069-8D18-917673DA5D3A}.Release|x86.Build.0 = Release|x86
		{D3563C72-D799-4069-8D18-917673DA5D3A}.Release|x86.Deploy.0 = Release|x86
	EndGlobalSection
	GlobalSection(SolutionProperties) = preSolution
		HideSolutionNode = FALSE
	EndGlobalSection
EndGlobal
